# generated by rye
# use `rye lock` or `rye sync` to update this lockfile
#
# last locked with the following flags:
#   pre: false
#   features: []
#   all-features: false
#   with-sources: false

-e file:.
apeye==1.3.0
    # via shippinglabel
apeye-core==1.1.2
    # via apeye
    # via pyproject-parser
attrs==23.1.0
    # via pyproject-parser
certifi==2023.5.7
    # via requests
charset-normalizer==3.1.0
    # via requests
dist-meta==0.8.0
    # via shippinglabel
dom-toml==0.6.1
    # via pyproject-parser
    # via shippinglabel
domdf-python-tools==3.6.1
    # via apeye
    # via apeye-core
    # via dist-meta
    # via dom-toml
    # via pyproject-parser
    # via shippinglabel
handy-archives==0.1.4
    # via dist-meta
idna==3.4
    # via apeye-core
    # via requests
natsort==8.3.1
    # via domdf-python-tools
    # via pyproject-parser
packaging==23.1
    # via dist-meta
    # via pyproject-parser
    # via shippinglabel
platformdirs==3.5.1
    # via apeye
    # via shippinglabel
poetry-core==1.9.0
    # via poetry2rye
pydantic==1.10.8
    # via poetry2rye
pyproject-parser==0.9.0
    # via poetry2rye
python-slugify==8.0.1
    # via poetry2rye
requests==2.31.0
    # via apeye
shippinglabel==1.5.0
    # via pyproject-parser
text-unidecode==1.3
    # via python-slugify
toml==0.10.2
    # via dom-toml
    # via pyproject-parser
tomlkit==0.11.8
    # via poetry2rye
typing-extensions==4.11.0
    # via domdf-python-tools
    # via poetry2rye
    # via pydantic
    # via pyproject-parser
    # via shippinglabel
urllib3==2.0.2
    # via requests
