# generated by rye
# use `rye lock` or `rye sync` to update this lockfile
#
# last locked with the following flags:
#   pre: false
#   features: []
#   all-features: false
#   with-sources: false

-e file:.
apeye==1.4.1
    # via shippinglabel
apeye-core==1.1.5
    # via apeye
    # via pyproject-parser
attrs==23.2.0
    # via pyproject-parser
certifi==2024.6.2
    # via requests
charset-normalizer==3.3.2
    # via requests
deprecation==2.1.0
    # via deprecation-alias
deprecation-alias==0.3.3
    # via shippinglabel
dist-meta==0.8.1
    # via shippinglabel
dom-toml==2.0.0
    # via pyproject-parser
    # via shippinglabel
domdf-python-tools==3.8.1
    # via apeye
    # via apeye-core
    # via dist-meta
    # via dom-toml
    # via pyproject-parser
    # via shippinglabel
handy-archives==0.2.0
    # via dist-meta
idna==3.7
    # via apeye-core
    # via requests
natsort==8.4.0
    # via domdf-python-tools
    # via pyproject-parser
numpy==2.0.0
    # via p1
packaging==24.1
    # via deprecation
    # via deprecation-alias
    # via dist-meta
    # via pyproject-parser
    # via shippinglabel
platformdirs==4.2.2
    # via apeye
    # via shippinglabel
pyproject-parser @ git+https://github.com/repo-helper/pyproject-parser@096a3f73a98d5ddf9ebd614852f6642f1f6b398b
    # via p1
requests==2.32.3
    # via apeye
shippinglabel==1.7.2
    # via pyproject-parser
sortedcontainers==2.4.0
    # via p1
tomli==2.0.1
    # via dom-toml
typing-extensions==4.12.2
    # via domdf-python-tools
    # via pyproject-parser
    # via shippinglabel
urllib3==2.2.1
    # via requests
